
Microsoft Visual Studio Solution File, Format Version 12.00
# Visual Studio 15
VisualStudioVersion = 15.0.28307.902
MinimumVisualStudioVersion = 10.0.40219.1
Project("{9A19103F-16F7-4668-BE54-9A1E7A4F7556}") = "SchedulerJobs.Common", "SchedulerJobs.Common\SchedulerJobs.Common.csproj", "{3D2F7670-D762-4BA5-842D-9CFA3CE743A5}"
EndProject
Project("{9A19103F-16F7-4668-BE54-9A1E7A4F7556}") = "SchedulerJobs.Services", "SchedulerJobs.Services\SchedulerJobs.Services.csproj", "{85280A39-C291-4011-A6E0-98CF156F45B3}"
EndProject
Project("{2150E333-8FDC-42A3-9474-1A3956D46DE8}") = "Tests", "Tests", "{23010683-4140-42E6-9A0D-B173B6444549}"
EndProject
Project("{9A19103F-16F7-4668-BE54-9A1E7A4F7556}") = "SchedulerJobs", "SchedulerJobs\SchedulerJobs.csproj", "{F11B23F9-CF2F-4579-81D3-09C84FC0F9D8}"
EndProject
Project("{9A19103F-16F7-4668-BE54-9A1E7A4F7556}") = "SchedulerJobs.UnitTests", "SchedulerJobs.UnitTests\SchedulerJobs.UnitTests.csproj", "{C1F145A9-1448-4E1D-BF27-68610F33A555}"
EndProject
Global
	GlobalSection(SolutionConfigurationPlatforms) = preSolution
		Debug|Any CPU = Debug|Any CPU
		Release|Any CPU = Release|Any CPU
	EndGlobalSection
	GlobalSection(ProjectConfigurationPlatforms) = postSolution
		{3D2F7670-D762-4BA5-842D-9CFA3CE743A5}.Debug|Any CPU.ActiveCfg = Debug|Any CPU
		{3D2F7670-D762-4BA5-842D-9CFA3CE743A5}.Debug|Any CPU.Build.0 = Debug|Any CPU
		{3D2F7670-D762-4BA5-842D-9CFA3CE743A5}.Release|Any CPU.ActiveCfg = Release|Any CPU
		{3D2F7670-D762-4BA5-842D-9CFA3CE743A5}.Release|Any CPU.Build.0 = Release|Any CPU
		{85280A39-C291-4011-A6E0-98CF156F45B3}.Debug|Any CPU.ActiveCfg = Debug|Any CPU
		{85280A39-C291-4011-A6E0-98CF156F45B3}.Debug|Any CPU.Build.0 = Debug|Any CPU
		{85280A39-C291-4011-A6E0-98CF156F45B3}.Release|Any CPU.ActiveCfg = Release|Any CPU
		{85280A39-C291-4011-A6E0-98CF156F45B3}.Release|Any CPU.Build.0 = Release|Any CPU
		{F11B23F9-CF2F-4579-81D3-09C84FC0F9D8}.Debug|Any CPU.ActiveCfg = Debug|Any CPU
		{F11B23F9-CF2F-4579-81D3-09C84FC0F9D8}.Debug|Any CPU.Build.0 = Debug|Any CPU
		{F11B23F9-CF2F-4579-81D3-09C84FC0F9D8}.Release|Any CPU.ActiveCfg = Release|Any CPU
		{F11B23F9-CF2F-4579-81D3-09C84FC0F9D8}.Release|Any CPU.Build.0 = Release|Any CPU
		{C1F145A9-1448-4E1D-BF27-68610F33A555}.Debug|Any CPU.ActiveCfg = Debug|Any CPU
		{C1F145A9-1448-4E1D-BF27-68610F33A555}.Debug|Any CPU.Build.0 = Debug|Any CPU
		{C1F145A9-1448-4E1D-BF27-68610F33A555}.Release|Any CPU.ActiveCfg = Release|Any CPU
		{C1F145A9-1448-4E1D-BF27-68610F33A555}.Release|Any CPU.Build.0 = Release|Any CPU
	EndGlobalSection
	GlobalSection(SolutionProperties) = preSolution
		HideSolutionNode = FALSE
	EndGlobalSection
	GlobalSection(NestedProjects) = preSolution
		{C1F145A9-1448-4E1D-BF27-68610F33A555} = {23010683-4140-42E6-9A0D-B173B6444549}
	EndGlobalSection
	GlobalSection(ExtensibilityGlobals) = postSolution
		SolutionGuid = {7C853338-83FD-4CFB-9035-2DC05671F827}
	EndGlobalSection
EndGlobal
